
Microsoft Visual Studio Solution File, Format Version 12.00
# Visual Studio 15
VisualStudioVersion = 15.0.27703.2042
MinimumVisualStudioVersion = 10.0.40219.1
Project("{8BC9CEB8-8B4A-11D0-8D11-00A0C91BC942}") = "uwp", "uwp.vcxproj", "{41EC5AE3-8BF5-45BE-A7AA-68A4DE201BBC}"
EndProject
Global
	GlobalSection(SolutionConfigurationPlatforms) = preSolution
		Debug|ARM = Debug|ARM
		Debug|ARM64 = Debug|ARM64
		Debug|x64 = Debug|x64
		Debug|x86 = Debug|x86
		Release|ARM = Release|ARM
		Release|ARM64 = Release|ARM64
		Release|x64 = Release|x64
		Release|x86 = Release|x86
	EndGlobalSection
	GlobalSection(ProjectConfigurationPlatforms) = postSolution
		{41EC5AE3-8BF5-45BE-A7AA-68A4DE201BBC}.Debug|ARM.ActiveCfg = Debug|ARM
		{41EC5AE3-8BF5-45BE-A7AA-68A4DE201BBC}.Debug|ARM.Build.0 = Debug|ARM
		{41EC5AE3-8BF5-45BE-A7AA-68A4DE201BBC}.Debug|ARM.Deploy.0 = Debug|ARM
		{41EC5AE3-8BF5-45BE-A7AA-68A4DE201BBC}.Debug|ARM64.ActiveCfg = Debug|Win32
		{41EC5AE3-8BF5-45BE-A7AA-68A4DE201BBC}.Debug|x64.ActiveCfg = Debug|x64
		{41EC5AE3-8BF5-45BE-A7AA-68A4DE201BBC}.Debug|x64.Build.0 = Debug|x64
		{41EC5AE3-8BF5-45BE-A7AA-68A4DE201BBC}.Debug|x64.Deploy.0 = Debug|x64
		{41EC5AE3-8BF5-45BE-A7AA-68A4DE201BBC}.Debug|x86.ActiveCfg = Debug|Win32
		{41EC5AE3-8BF5-45BE-A7AA-68A4DE201BBC}.Debug|x86.Build.0 = Debug|Win32
		{41EC5AE3-8BF5-45BE-A7AA-68A4DE201BBC}.Debug|x86.Deploy.0 = Debug|Win32
		{41EC5AE3-8BF5-45BE-A7AA-68A4DE201BBC}.Release|ARM.ActiveCfg = Release|ARM
		{41EC5AE3-8BF5-45BE-A7AA-68A4DE201BBC}.Release|ARM.Build.0 = Release|ARM
		{41EC5AE3-8BF5-45BE-A7AA-68A4DE201BBC}.Release|ARM.Deploy.0 = Release|ARM
		{41EC5AE3-8BF5-45BE-A7AA-68A4DE201BBC}.Release|ARM64.ActiveCfg = Release|Win32
		{41EC5AE3-8BF5-45BE-A7AA-68A4DE201BBC}.Release|x64.ActiveCfg = Release|x64
		{41EC5AE3-8BF5-45BE-A7AA-68A4DE201BBC}.Release|x64.Build.0 = Release|x64
		{41EC5AE3-8BF5-45BE-A7AA-68A4DE201BBC}.Release|x64.Deploy.0 = Release|x64
		{41EC5AE3-8BF5-45BE-A7AA-68A4DE201BBC}.Release|x86.ActiveCfg = Release|Win32
		{41EC5AE3-8BF5-45BE-A7AA-68A4DE201BBC}.Release|x86.Build.0 = Release|Win32
		{41EC5AE3-8BF5-45BE-A7AA-68A4DE201BBC}.Release|x86.Deploy.0 = Release|Win32
	EndGlobalSection
	GlobalSection(SolutionProperties) = preSolution
		HideSolutionNode = FALSE
	EndGlobalSection
	GlobalSection(ExtensibilityGlobals) = postSolution
		SolutionGuid = {7AF4D218-5781-45A0-AA3F-AA88CCF66A60}
	EndGlobalSection
EndGlobal
